
Microsoft Visual Studio Solution File, Format Version 12.00
# Visual Studio Version 17
VisualStudioVersion = 17.14.36121.58 d17.14
MinimumVisualStudioVersion = 10.0.40219.1
Project("{FAE04EC0-301F-11D3-BF4B-00C04F79EFBC}") = "ServiceMonitor", "ServiceMonitor.csproj", "{094DD21E-6ED7-4371-9414-FFC857B90971}"
EndProject
Global
	GlobalSection(SolutionConfigurationPlatforms) = preSolution
		Debug|Any CPU = Debug|Any CPU
		Release|Any CPU = Release|Any CPU
	EndGlobalSection
	GlobalSection(ProjectConfigurationPlatforms) = postSolution
		{094DD21E-6ED7-4371-9414-FFC857B90971}.Debug|Any CPU.ActiveCfg = Debug|Any CPU
		{094DD21E-6ED7-4371-9414-FFC857B90971}.Debug|Any CPU.Build.0 = Debug|Any CPU
		{094DD21E-6ED7-4371-9414-FFC857B90971}.Release|Any CPU.ActiveCfg = Release|Any CPU
		{094DD21E-6ED7-4371-9414-FFC857B90971}.Release|Any CPU.Build.0 = Release|Any CPU
	EndGlobalSection
	GlobalSection(SolutionProperties) = preSolution
		HideSolutionNode = FALSE
	EndGlobalSection
	GlobalSection(ExtensibilityGlobals) = postSolution
		SolutionGuid = {994359B6-60A8-4082-8EC3-7DEF504819DC}
	EndGlobalSection
EndGlobal
